{
  "name": "i2c",
  "version": "0.2.3",
  "dependencies": {
    "bindings": {
      "version": "1.2.1"
    },
    "coffee-script": {
      "version": "1.9.1"
    },
    "nan": {
      "version": "2.3.5"
    },
    "repl": {
      "version": "0.1.3"
    },
    "underscore": {
      "version": "1.8.2"
    }
  }
}
